
Microsoft Visual Studio Solution File, Format Version 12.00
# Visual Studio Version 16
VisualStudioVersion = 16.0.30309.148
MinimumVisualStudioVersion = 10.0.40219.1
Project("{FAE04EC0-301F-11D3-BF4B-00C04F79EFBC}") = "DishWasher", "DishWasher\DishWasher.csproj", "{A99E96DA-7EA6-4714-8773-782E0FE460BF}"
EndProject
Project("{FAE04EC0-301F-11D3-BF4B-00C04F79EFBC}") = "Report System", "Report System\Report System.csproj", "{DA90F563-D17F-4F3B-87BC-4DD76D6631B4}"
EndProject
Project("{FAE04EC0-301F-11D3-BF4B-00C04F79EFBC}") = "Stream Of Letters", "Stream Of Letters\Stream Of Letters.csproj", "{230E62F4-73CC-409B-9B2B-1A43792C2A06}"
EndProject
Project("{FAE04EC0-301F-11D3-BF4B-00C04F79EFBC}") = "Numbers Divided by 3 Without Reminder", "Numbers Divided by 3 Without Reminder\Numbers Divided by 3 Without Reminder.csproj", "{2B914C48-1B98-4387-BC51-4D4D7B0098F7}"
EndProject
Project("{FAE04EC0-301F-11D3-BF4B-00C04F79EFBC}") = "Average Number", "Average Number\Average Number.csproj", "{83027F2A-BB2E-431B-B2D8-6EF42E817CF7}"
EndProject
Global
	GlobalSection(SolutionConfigurationPlatforms) = preSolution
		Debug|Any CPU = Debug|Any CPU
		Release|Any CPU = Release|Any CPU
	EndGlobalSection
	GlobalSection(ProjectConfigurationPlatforms) = postSolution
		{A99E96DA-7EA6-4714-8773-782E0FE460BF}.Debug|Any CPU.ActiveCfg = Debug|Any CPU
		{A99E96DA-7EA6-4714-8773-782E0FE460BF}.Debug|Any CPU.Build.0 = Debug|Any CPU
		{A99E96DA-7EA6-4714-8773-782E0FE460BF}.Release|Any CPU.ActiveCfg = Release|Any CPU
		{A99E96DA-7EA6-4714-8773-782E0FE460BF}.Release|Any CPU.Build.0 = Release|Any CPU
		{DA90F563-D17F-4F3B-87BC-4DD76D6631B4}.Debug|Any CPU.ActiveCfg = Debug|Any CPU
		{DA90F563-D17F-4F3B-87BC-4DD76D6631B4}.Debug|Any CPU.Build.0 = Debug|Any CPU
		{DA90F563-D17F-4F3B-87BC-4DD76D6631B4}.Release|Any CPU.ActiveCfg = Release|Any CPU
		{DA90F563-D17F-4F3B-87BC-4DD76D6631B4}.Release|Any CPU.Build.0 = Release|Any CPU
		{230E62F4-73CC-409B-9B2B-1A43792C2A06}.Debug|Any CPU.ActiveCfg = Debug|Any CPU
		{230E62F4-73CC-409B-9B2B-1A43792C2A06}.Debug|Any CPU.Build.0 = Debug|Any CPU
		{230E62F4-73CC-409B-9B2B-1A43792C2A06}.Release|Any CPU.ActiveCfg = Release|Any CPU
		{230E62F4-73CC-409B-9B2B-1A43792C2A06}.Release|Any CPU.Build.0 = Release|Any CPU
		{2B914C48-1B98-4387-BC51-4D4D7B0098F7}.Debug|Any CPU.ActiveCfg = Debug|Any CPU
		{2B914C48-1B98-4387-BC51-4D4D7B0098F7}.Debug|Any CPU.Build.0 = Debug|Any CPU
		{2B914C48-1B98-4387-BC51-4D4D7B0098F7}.Release|Any CPU.ActiveCfg = Release|Any CPU
		{2B914C48-1B98-4387-BC51-4D4D7B0098F7}.Release|Any CPU.Build.0 = Release|Any CPU
		{83027F2A-BB2E-431B-B2D8-6EF42E817CF7}.Debug|Any CPU.ActiveCfg = Debug|Any CPU
		{83027F2A-BB2E-431B-B2D8-6EF42E817CF7}.Debug|Any CPU.Build.0 = Debug|Any CPU
		{83027F2A-BB2E-431B-B2D8-6EF42E817CF7}.Release|Any CPU.ActiveCfg = Release|Any CPU
		{83027F2A-BB2E-431B-B2D8-6EF42E817CF7}.Release|Any CPU.Build.0 = Release|Any CPU
	EndGlobalSection
	GlobalSection(SolutionProperties) = preSolution
		HideSolutionNode = FALSE
	EndGlobalSection
	GlobalSection(ExtensibilityGlobals) = postSolution
		SolutionGuid = {2E74C7EA-0EBF-4BBC-AD9F-FD5BE00015A9}
	EndGlobalSection
EndGlobal
