
Microsoft Visual Studio Solution File, Format Version 12.00
# Visual Studio Version 16
VisualStudioVersion = 16.0.30309.148
MinimumVisualStudioVersion = 10.0.40219.1
Project("{9A19103F-16F7-4668-BE54-9A1E7A4F7556}") = "Old Books", "Old Books\Old Books.csproj", "{2456F498-213E-402F-B1D8-8A07E54D70F2}"
EndProject
Project("{9A19103F-16F7-4668-BE54-9A1E7A4F7556}") = "Exam Preparation", "Exam Preparation\Exam Preparation.csproj", "{023FC3C8-02BE-44C1-925D-D389ADA05F0F}"
EndProject
Project("{9A19103F-16F7-4668-BE54-9A1E7A4F7556}") = "Vacation", "Vacation\Vacation.csproj", "{375DAC31-56EF-476A-BEB0-1DC5D3F16089}"
EndProject
Project("{9A19103F-16F7-4668-BE54-9A1E7A4F7556}") = "Walking", "Walking\Walking.csproj", "{6D48FEB0-5693-44D1-AB48-15F46D50B5A7}"
EndProject
Project("{9A19103F-16F7-4668-BE54-9A1E7A4F7556}") = "Coins", "Coins\Coins.csproj", "{B1C88050-020D-4ED4-8BF2-17DCFC635CD1}"
EndProject
Project("{FAE04EC0-301F-11D3-BF4B-00C04F79EFBC}") = "Cake", "Cake\Cake.csproj", "{1952642B-C903-40FF-B6A0-795DBAA031F2}"
EndProject
Global
	GlobalSection(SolutionConfigurationPlatforms) = preSolution
		Debug|Any CPU = Debug|Any CPU
		Release|Any CPU = Release|Any CPU
	EndGlobalSection
	GlobalSection(ProjectConfigurationPlatforms) = postSolution
		{2456F498-213E-402F-B1D8-8A07E54D70F2}.Debug|Any CPU.ActiveCfg = Debug|Any CPU
		{2456F498-213E-402F-B1D8-8A07E54D70F2}.Debug|Any CPU.Build.0 = Debug|Any CPU
		{2456F498-213E-402F-B1D8-8A07E54D70F2}.Release|Any CPU.ActiveCfg = Release|Any CPU
		{2456F498-213E-402F-B1D8-8A07E54D70F2}.Release|Any CPU.Build.0 = Release|Any CPU
		{023FC3C8-02BE-44C1-925D-D389ADA05F0F}.Debug|Any CPU.ActiveCfg = Debug|Any CPU
		{023FC3C8-02BE-44C1-925D-D389ADA05F0F}.Debug|Any CPU.Build.0 = Debug|Any CPU
		{023FC3C8-02BE-44C1-925D-D389ADA05F0F}.Release|Any CPU.ActiveCfg = Release|Any CPU
		{023FC3C8-02BE-44C1-925D-D389ADA05F0F}.Release|Any CPU.Build.0 = Release|Any CPU
		{375DAC31-56EF-476A-BEB0-1DC5D3F16089}.Debug|Any CPU.ActiveCfg = Debug|Any CPU
		{375DAC31-56EF-476A-BEB0-1DC5D3F16089}.Debug|Any CPU.Build.0 = Debug|Any CPU
		{375DAC31-56EF-476A-BEB0-1DC5D3F16089}.Release|Any CPU.ActiveCfg = Release|Any CPU
		{375DAC31-56EF-476A-BEB0-1DC5D3F16089}.Release|Any CPU.Build.0 = Release|Any CPU
		{6D48FEB0-5693-44D1-AB48-15F46D50B5A7}.Debug|Any CPU.ActiveCfg = Debug|Any CPU
		{6D48FEB0-5693-44D1-AB48-15F46D50B5A7}.Debug|Any CPU.Build.0 = Debug|Any CPU
		{6D48FEB0-5693-44D1-AB48-15F46D50B5A7}.Release|Any CPU.ActiveCfg = Release|Any CPU
		{6D48FEB0-5693-44D1-AB48-15F46D50B5A7}.Release|Any CPU.Build.0 = Release|Any CPU
		{B1C88050-020D-4ED4-8BF2-17DCFC635CD1}.Debug|Any CPU.ActiveCfg = Debug|Any CPU
		{B1C88050-020D-4ED4-8BF2-17DCFC635CD1}.Debug|Any CPU.Build.0 = Debug|Any CPU
		{B1C88050-020D-4ED4-8BF2-17DCFC635CD1}.Release|Any CPU.ActiveCfg = Release|Any CPU
		{B1C88050-020D-4ED4-8BF2-17DCFC635CD1}.Release|Any CPU.Build.0 = Release|Any CPU
		{1952642B-C903-40FF-B6A0-795DBAA031F2}.Debug|Any CPU.ActiveCfg = Debug|Any CPU
		{1952642B-C903-40FF-B6A0-795DBAA031F2}.Debug|Any CPU.Build.0 = Debug|Any CPU
		{1952642B-C903-40FF-B6A0-795DBAA031F2}.Release|Any CPU.ActiveCfg = Release|Any CPU
		{1952642B-C903-40FF-B6A0-795DBAA031F2}.Release|Any CPU.Build.0 = Release|Any CPU
	EndGlobalSection
	GlobalSection(SolutionProperties) = preSolution
		HideSolutionNode = FALSE
	EndGlobalSection
	GlobalSection(ExtensibilityGlobals) = postSolution
		SolutionGuid = {CA6132FC-8647-4FF1-BFA0-5E8810B54F0B}
	EndGlobalSection
EndGlobal
