
Microsoft Visual Studio Solution File, Format Version 12.00
# Visual Studio Version 16
VisualStudioVersion = 16.0.30309.148
MinimumVisualStudioVersion = 10.0.40219.1
Project("{FAE04EC0-301F-11D3-BF4B-00C04F79EFBC}") = "01. Match Tickets", "01. Match Tickets\01. Match Tickets.csproj", "{36684D77-7E96-4B69-B5EA-86906BE7C5A8}"
EndProject
Project("{FAE04EC0-301F-11D3-BF4B-00C04F79EFBC}") = "02. Bike Race", "02. Bike Race\02. Bike Race.csproj", "{7F57E6E8-AE7F-4681-836F-0E31C56C0F95}"
EndProject
Project("{FAE04EC0-301F-11D3-BF4B-00C04F79EFBC}") = "03. Flowers", "03. Flowers\03. Flowers.csproj", "{59F4B668-E221-43C7-8C51-FDAE088BBF7B}"
EndProject
Project("{FAE04EC0-301F-11D3-BF4B-00C04F79EFBC}") = "04. Car To Go", "04. Car To Go\04. Car To Go.csproj", "{5A6ECE43-1F26-40DD-9DB3-4B3816822B8C}"
EndProject
Project("{FAE04EC0-301F-11D3-BF4B-00C04F79EFBC}") = "05. Vacation", "05. Vacation\05. Vacation.csproj", "{5806776E-871E-4A3B-865D-63404C06A9B7}"
EndProject
Project("{FAE04EC0-301F-11D3-BF4B-00C04F79EFBC}") = "06. Truck Driver", "06. Truck Driver\06. Truck Driver.csproj", "{17F456B7-3EF7-4282-BF04-B447B4B99045}"
EndProject
Project("{FAE04EC0-301F-11D3-BF4B-00C04F79EFBC}") = "09. Numbers from 1 to 10", "09. Numbers from 1 to 10\09. Numbers from 1 to 10.csproj", "{4758E5D2-7BC7-453F-96C0-655757C9545C}"
EndProject
Project("{FAE04EC0-301F-11D3-BF4B-00C04F79EFBC}") = "07. School Camp", "07. School Camp\07. School Camp.csproj", "{89C1E4FB-8B06-43B2-93A0-55006E1DF0D0}"
EndProject
Global
	GlobalSection(SolutionConfigurationPlatforms) = preSolution
		Debug|Any CPU = Debug|Any CPU
		Release|Any CPU = Release|Any CPU
	EndGlobalSection
	GlobalSection(ProjectConfigurationPlatforms) = postSolution
		{36684D77-7E96-4B69-B5EA-86906BE7C5A8}.Debug|Any CPU.ActiveCfg = Debug|Any CPU
		{36684D77-7E96-4B69-B5EA-86906BE7C5A8}.Debug|Any CPU.Build.0 = Debug|Any CPU
		{36684D77-7E96-4B69-B5EA-86906BE7C5A8}.Release|Any CPU.ActiveCfg = Release|Any CPU
		{36684D77-7E96-4B69-B5EA-86906BE7C5A8}.Release|Any CPU.Build.0 = Release|Any CPU
		{7F57E6E8-AE7F-4681-836F-0E31C56C0F95}.Debug|Any CPU.ActiveCfg = Debug|Any CPU
		{7F57E6E8-AE7F-4681-836F-0E31C56C0F95}.Debug|Any CPU.Build.0 = Debug|Any CPU
		{7F57E6E8-AE7F-4681-836F-0E31C56C0F95}.Release|Any CPU.ActiveCfg = Release|Any CPU
		{7F57E6E8-AE7F-4681-836F-0E31C56C0F95}.Release|Any CPU.Build.0 = Release|Any CPU
		{59F4B668-E221-43C7-8C51-FDAE088BBF7B}.Debug|Any CPU.ActiveCfg = Debug|Any CPU
		{59F4B668-E221-43C7-8C51-FDAE088BBF7B}.Debug|Any CPU.Build.0 = Debug|Any CPU
		{59F4B668-E221-43C7-8C51-FDAE088BBF7B}.Release|Any CPU.ActiveCfg = Release|Any CPU
		{59F4B668-E221-43C7-8C51-FDAE088BBF7B}.Release|Any CPU.Build.0 = Release|Any CPU
		{5A6ECE43-1F26-40DD-9DB3-4B3816822B8C}.Debug|Any CPU.ActiveCfg = Debug|Any CPU
		{5A6ECE43-1F26-40DD-9DB3-4B3816822B8C}.Debug|Any CPU.Build.0 = Debug|Any CPU
		{5A6ECE43-1F26-40DD-9DB3-4B3816822B8C}.Release|Any CPU.ActiveCfg = Release|Any CPU
		{5A6ECE43-1F26-40DD-9DB3-4B3816822B8C}.Release|Any CPU.Build.0 = Release|Any CPU
		{5806776E-871E-4A3B-865D-63404C06A9B7}.Debug|Any CPU.ActiveCfg = Debug|Any CPU
		{5806776E-871E-4A3B-865D-63404C06A9B7}.Debug|Any CPU.Build.0 = Debug|Any CPU
		{5806776E-871E-4A3B-865D-63404C06A9B7}.Release|Any CPU.ActiveCfg = Release|Any CPU
		{5806776E-871E-4A3B-865D-63404C06A9B7}.Release|Any CPU.Build.0 = Release|Any CPU
		{17F456B7-3EF7-4282-BF04-B447B4B99045}.Debug|Any CPU.ActiveCfg = Debug|Any CPU
		{17F456B7-3EF7-4282-BF04-B447B4B99045}.Debug|Any CPU.Build.0 = Debug|Any CPU
		{17F456B7-3EF7-4282-BF04-B447B4B99045}.Release|Any CPU.ActiveCfg = Release|Any CPU
		{17F456B7-3EF7-4282-BF04-B447B4B99045}.Release|Any CPU.Build.0 = Release|Any CPU
		{4758E5D2-7BC7-453F-96C0-655757C9545C}.Debug|Any CPU.ActiveCfg = Debug|Any CPU
		{4758E5D2-7BC7-453F-96C0-655757C9545C}.Debug|Any CPU.Build.0 = Debug|Any CPU
		{4758E5D2-7BC7-453F-96C0-655757C9545C}.Release|Any CPU.ActiveCfg = Release|Any CPU
		{4758E5D2-7BC7-453F-96C0-655757C9545C}.Release|Any CPU.Build.0 = Release|Any CPU
		{89C1E4FB-8B06-43B2-93A0-55006E1DF0D0}.Debug|Any CPU.ActiveCfg = Debug|Any CPU
		{89C1E4FB-8B06-43B2-93A0-55006E1DF0D0}.Debug|Any CPU.Build.0 = Debug|Any CPU
		{89C1E4FB-8B06-43B2-93A0-55006E1DF0D0}.Release|Any CPU.ActiveCfg = Release|Any CPU
		{89C1E4FB-8B06-43B2-93A0-55006E1DF0D0}.Release|Any CPU.Build.0 = Release|Any CPU
	EndGlobalSection
	GlobalSection(SolutionProperties) = preSolution
		HideSolutionNode = FALSE
	EndGlobalSection
	GlobalSection(ExtensibilityGlobals) = postSolution
		SolutionGuid = {DFA8721F-69CA-468F-8601-F058E8CE82EF}
	EndGlobalSection
EndGlobal
